Microsoft Visual Studio Solution File, Format Version 12.00
# Visual Studio 14
VisualStudioVersion = 14.0.25420.1
MinimumVisualStudioVersion = 10.0.40219.1
Project("{FAE04EC0-301F-11D3-BF4B-00C04F79EFBC}") = "MenuCycles.Tests", "MenuCycles.Tests\MenuCycles.Tests.csproj", "{440BB536-9A01-459E-A263-9CCDC607E72C}"
EndProject
Project("{FAE04EC0-301F-11D3-BF4B-00C04F79EFBC}") = "MenuCycles.AutomatedTests", "MenuCycles.AutomatedTests\MenuCycles.AutomatedTests.csproj", "{2892126D-58A1-46E0-A503-E940A67A57D6}"
EndProject
Project("{FAE04EC0-301F-11D3-BF4B-00C04F79EFBC}") = "MenuCyclesData", "MenuCyclesData\MenuCyclesData.csproj", "{4A5D7C8E-9556-42C5-94BA-D576405F1FE3}"
EndProject
Project("{2150E333-8FDC-42A3-9474-1A3956D46DE8}") = "Data", "Data", "{764980E6-D922-491C-BCB9-E021B60C8AA2}"
EndProject
Project("{FAE04EC0-301F-11D3-BF4B-00C04F79EFBC}") = "Fourth.MenuService.Model", "..\MenuService\Fourth.MenuService.Model\Fourth.MenuService.Model.csproj", "{F379022E-7479-45FB-8497-79168D65E0B3}"
EndProject
Global
	GlobalSection(SolutionConfigurationPlatforms) = preSolution
		Android|Any CPU = Android|Any CPU
		Chrome|Any CPU = Chrome|Any CPU
		Debug|Any CPU = Debug|Any CPU
		Firefox|Any CPU = Firefox|Any CPU
		InternetExplorer|Any CPU = InternetExplorer|Any CPU
		iOS|Any CPU = iOS|Any CPU
		LocalDev|Any CPU = LocalDev|Any CPU
		Release|Any CPU = Release|Any CPU
		RemoteDriver|Any CPU = RemoteDriver|Any CPU
	EndGlobalSection
	GlobalSection(ProjectConfigurationPlatforms) = postSolution
		{440BB536-9A01-459E-A263-9CCDC607E72C}.Android|Any CPU.ActiveCfg = Android|Any CPU
		{440BB536-9A01-459E-A263-9CCDC607E72C}.Android|Any CPU.Build.0 = Android|Any CPU
		{440BB536-9A01-459E-A263-9CCDC607E72C}.Chrome|Any CPU.ActiveCfg = Chrome|Any CPU
		{440BB536-9A01-459E-A263-9CCDC607E72C}.Debug|Any CPU.ActiveCfg = Debug|Any CPU
		{440BB536-9A01-459E-A263-9CCDC607E72C}.Debug|Any CPU.Build.0 = Debug|Any CPU
		{440BB536-9A01-459E-A263-9CCDC607E72C}.Firefox|Any CPU.ActiveCfg = Firefox|Any CPU
		{440BB536-9A01-459E-A263-9CCDC607E72C}.Firefox|Any CPU.Build.0 = Firefox|Any CPU
		{440BB536-9A01-459E-A263-9CCDC607E72C}.InternetExplorer|Any CPU.ActiveCfg = InternetExplorer|Any CPU
		{440BB536-9A01-459E-A263-9CCDC607E72C}.InternetExplorer|Any CPU.Build.0 = InternetExplorer|Any CPU
		{440BB536-9A01-459E-A263-9CCDC607E72C}.iOS|Any CPU.ActiveCfg = iOS|Any CPU
		{440BB536-9A01-459E-A263-9CCDC607E72C}.iOS|Any CPU.Build.0 = iOS|Any CPU
		{440BB536-9A01-459E-A263-9CCDC607E72C}.LocalDev|Any CPU.ActiveCfg = RemoteDriver|Any CPU
		{440BB536-9A01-459E-A263-9CCDC607E72C}.Release|Any CPU.ActiveCfg = Release|Any CPU
		{440BB536-9A01-459E-A263-9CCDC607E72C}.Release|Any CPU.Build.0 = Release|Any CPU
		{440BB536-9A01-459E-A263-9CCDC607E72C}.RemoteDriver|Any CPU.ActiveCfg = RemoteDriver|Any CPU
		{440BB536-9A01-459E-A263-9CCDC607E72C}.RemoteDriver|Any CPU.Build.0 = RemoteDriver|Any CPU
		{2892126D-58A1-46E0-A503-E940A67A57D6}.Android|Any CPU.ActiveCfg = Release|Any CPU
		{2892126D-58A1-46E0-A503-E940A67A57D6}.Android|Any CPU.Build.0 = Release|Any CPU
		{2892126D-58A1-46E0-A503-E940A67A57D6}.Chrome|Any CPU.ActiveCfg = Chrome|Any CPU
		{2892126D-58A1-46E0-A503-E940A67A57D6}.Chrome|Any CPU.Build.0 = Chrome|Any CPU
		{2892126D-58A1-46E0-A503-E940A67A57D6}.Debug|Any CPU.ActiveCfg = Debug|Any CPU
		{2892126D-58A1-46E0-A503-E940A67A57D6}.Debug|Any CPU.Build.0 = Debug|Any CPU
		{2892126D-58A1-46E0-A503-E940A67A57D6}.Firefox|Any CPU.ActiveCfg = Release|Any CPU
		{2892126D-58A1-46E0-A503-E940A67A57D6}.Firefox|Any CPU.Build.0 = Release|Any CPU
		{2892126D-58A1-46E0-A503-E940A67A57D6}.InternetExplorer|Any CPU.ActiveCfg = Release|Any CPU
		{2892126D-58A1-46E0-A503-E940A67A57D6}.InternetExplorer|Any CPU.Build.0 = Release|Any CPU
		{2892126D-58A1-46E0-A503-E940A67A57D6}.iOS|Any CPU.ActiveCfg = Release|Any CPU
		{2892126D-58A1-46E0-A503-E940A67A57D6}.iOS|Any CPU.Build.0 = Release|Any CPU
		{2892126D-58A1-46E0-A503-E940A67A57D6}.LocalDev|Any CPU.ActiveCfg = Debug|Any CPU
		{2892126D-58A1-46E0-A503-E940A67A57D6}.LocalDev|Any CPU.Build.0 = Debug|Any CPU
		{2892126D-58A1-46E0-A503-E940A67A57D6}.Release|Any CPU.ActiveCfg = Release|Any CPU
		{2892126D-58A1-46E0-A503-E940A67A57D6}.Release|Any CPU.Build.0 = Release|Any CPU
		{2892126D-58A1-46E0-A503-E940A67A57D6}.RemoteDriver|Any CPU.ActiveCfg = Release|Any CPU
		{2892126D-58A1-46E0-A503-E940A67A57D6}.RemoteDriver|Any CPU.Build.0 = Release|Any CPU
		{4A5D7C8E-9556-42C5-94BA-D576405F1FE3}.Android|Any CPU.ActiveCfg = Release|Any CPU
		{4A5D7C8E-9556-42C5-94BA-D576405F1FE3}.Android|Any CPU.Build.0 = Release|Any CPU
		{4A5D7C8E-9556-42C5-94BA-D576405F1FE3}.Chrome|Any CPU.ActiveCfg = Debug|Any CPU
		{4A5D7C8E-9556-42C5-94BA-D576405F1FE3}.Chrome|Any CPU.Build.0 = Debug|Any CPU
		{4A5D7C8E-9556-42C5-94BA-D576405F1FE3}.Debug|Any CPU.ActiveCfg = Debug|Any CPU
		{4A5D7C8E-9556-42C5-94BA-D576405F1FE3}.Debug|Any CPU.Build.0 = Debug|Any CPU
		{4A5D7C8E-9556-42C5-94BA-D576405F1FE3}.Firefox|Any CPU.ActiveCfg = Release|Any CPU
		{4A5D7C8E-9556-42C5-94BA-D576405F1FE3}.Firefox|Any CPU.Build.0 = Release|Any CPU
		{4A5D7C8E-9556-42C5-94BA-D576405F1FE3}.InternetExplorer|Any CPU.ActiveCfg = Release|Any CPU
		{4A5D7C8E-9556-42C5-94BA-D576405F1FE3}.InternetExplorer|Any CPU.Build.0 = Release|Any CPU
		{4A5D7C8E-9556-42C5-94BA-D576405F1FE3}.iOS|Any CPU.ActiveCfg = Release|Any CPU
		{4A5D7C8E-9556-42C5-94BA-D576405F1FE3}.iOS|Any CPU.Build.0 = Release|Any CPU
		{4A5D7C8E-9556-42C5-94BA-D576405F1FE3}.LocalDev|Any CPU.ActiveCfg = Debug|Any CPU
		{4A5D7C8E-9556-42C5-94BA-D576405F1FE3}.LocalDev|Any CPU.Build.0 = Debug|Any CPU
		{4A5D7C8E-9556-42C5-94BA-D576405F1FE3}.Release|Any CPU.ActiveCfg = Release|Any CPU
		{4A5D7C8E-9556-42C5-94BA-D576405F1FE3}.Release|Any CPU.Build.0 = Release|Any CPU
		{4A5D7C8E-9556-42C5-94BA-D576405F1FE3}.RemoteDriver|Any CPU.ActiveCfg = Release|Any CPU
		{4A5D7C8E-9556-42C5-94BA-D576405F1FE3}.RemoteDriver|Any CPU.Build.0 = Release|Any CPU
		{F379022E-7479-45FB-8497-79168D65E0B3}.Android|Any CPU.ActiveCfg = LocalDev|Any CPU
		{F379022E-7479-45FB-8497-79168D65E0B3}.Android|Any CPU.Build.0 = LocalDev|Any CPU
		{F379022E-7479-45FB-8497-79168D65E0B3}.Chrome|Any CPU.ActiveCfg = Debug|Any CPU
		{F379022E-7479-45FB-8497-79168D65E0B3}.Chrome|Any CPU.Build.0 = Debug|Any CPU
		{F379022E-7479-45FB-8497-79168D65E0B3}.Debug|Any CPU.ActiveCfg = Debug|Any CPU
		{F379022E-7479-45FB-8497-79168D65E0B3}.Debug|Any CPU.Build.0 = Debug|Any CPU
		{F379022E-7479-45FB-8497-79168D65E0B3}.Firefox|Any CPU.ActiveCfg = LocalDev|Any CPU
		{F379022E-7479-45FB-8497-79168D65E0B3}.Firefox|Any CPU.Build.0 = LocalDev|Any CPU
		{F379022E-7479-45FB-8497-79168D65E0B3}.InternetExplorer|Any CPU.ActiveCfg = LocalDev|Any CPU
		{F379022E-7479-45FB-8497-79168D65E0B3}.InternetExplorer|Any CPU.Build.0 = LocalDev|Any CPU
		{F379022E-7479-45FB-8497-79168D65E0B3}.iOS|Any CPU.ActiveCfg = LocalDev|Any CPU
		{F379022E-7479-45FB-8497-79168D65E0B3}.iOS|Any CPU.Build.0 = LocalDev|Any CPU
		{F379022E-7479-45FB-8497-79168D65E0B3}.LocalDev|Any CPU.ActiveCfg = LocalDev|Any CPU
		{F379022E-7479-45FB-8497-79168D65E0B3}.LocalDev|Any CPU.Build.0 = LocalDev|Any CPU
		{F379022E-7479-45FB-8497-79168D65E0B3}.Release|Any CPU.ActiveCfg = Release|Any CPU
		{F379022E-7479-45FB-8497-79168D65E0B3}.Release|Any CPU.Build.0 = Release|Any CPU
		{F379022E-7479-45FB-8497-79168D65E0B3}.RemoteDriver|Any CPU.ActiveCfg = Release|Any CPU
		{F379022E-7479-45FB-8497-79168D65E0B3}.RemoteDriver|Any CPU.Build.0 = Release|Any CPU
	EndGlobalSection
	GlobalSection(SolutionProperties) = preSolution
		HideSolutionNode = FALSE
	EndGlobalSection
	GlobalSection(NestedProjects) = preSolution
		{4A5D7C8E-9556-42C5-94BA-D576405F1FE3} = {764980E6-D922-491C-BCB9-E021B60C8AA2}
		{F379022E-7479-45FB-8497-79168D65E0B3} = {764980E6-D922-491C-BCB9-E021B60C8AA2}
	EndGlobalSection
	GlobalSection(MonoDevelopProperties) = preSolution
		Policies = $0
		$0.DotNetNamingPolicy = $1
		$1.DirectoryNamespaceAssociation = PrefixedHierarchical
		$0.StandardHeader = $2
		$0.VersionControlPolicy = $3
	EndGlobalSection
EndGlobal
